Microsoft Visual Studio Solution File, Format Version 11.00
# Visual Studio 2008

Project("{BA4B40DA-4178-D500-8ACB-6A288B11F73F}") = "FlightSimulator", "Assembly-CSharp-firstpass.csproj", "{B455E406-713D-BA84-F3BA-E3D03EA0EF52}"
EndProject
Project("{BA4B40DA-4178-D500-8ACB-6A288B11F73F}") = "FlightSimulator", "Assembly-CSharp.csproj", "{18362167-E4B6-AA4B-625B-BAC0101AD0AA}"
EndProject
Project("{BA4B40DA-4178-D500-8ACB-6A288B11F73F}") = "FlightSimulator", "Assembly-CSharp-Editor.csproj", "{2F34A033-8C6B-FD37-48F8-843C06CD5219}"
EndProject
Global
	GlobalSection(SolutionConfigurationPlatforms) = preSolution
		Debug|Any CPU = Debug|Any CPU
		Release|Any CPU = Release|Any CPU
	EndGlobalSection
	GlobalSection(ProjectConfigurationPlatforms) = postSolution
		{B455E406-713D-BA84-F3BA-E3D03EA0EF52}.Debug|Any CPU.ActiveCfg = Debug|Any CPU
		{B455E406-713D-BA84-F3BA-E3D03EA0EF52}.Debug|Any CPU.Build.0 = Debug|Any CPU
		{B455E406-713D-BA84-F3BA-E3D03EA0EF52}.Release|Any CPU.ActiveCfg = Release|Any CPU
		{B455E406-713D-BA84-F3BA-E3D03EA0EF52}.Release|Any CPU.Build.0 = Release|Any CPU
		{18362167-E4B6-AA4B-625B-BAC0101AD0AA}.Debug|Any CPU.ActiveCfg = Debug|Any CPU
		{18362167-E4B6-AA4B-625B-BAC0101AD0AA}.Debug|Any CPU.Build.0 = Debug|Any CPU
		{18362167-E4B6-AA4B-625B-BAC0101AD0AA}.Release|Any CPU.ActiveCfg = Release|Any CPU
		{18362167-E4B6-AA4B-625B-BAC0101AD0AA}.Release|Any CPU.Build.0 = Release|Any CPU
		{2F34A033-8C6B-FD37-48F8-843C06CD5219}.Debug|Any CPU.ActiveCfg = Debug|Any CPU
		{2F34A033-8C6B-FD37-48F8-843C06CD5219}.Debug|Any CPU.Build.0 = Debug|Any CPU
		{2F34A033-8C6B-FD37-48F8-843C06CD5219}.Release|Any CPU.ActiveCfg = Release|Any CPU
		{2F34A033-8C6B-FD37-48F8-843C06CD5219}.Release|Any CPU.Build.0 = Release|Any CPU
	EndGlobalSection
	GlobalSection(SolutionProperties) = preSolution
		HideSolutionNode = FALSE
	EndGlobalSection
			GlobalSection(MonoDevelopProperties) = preSolution
		StartupItem = Assembly-CSharp.csproj
		Policies = $0
		$0.TextStylePolicy = $1
		$1.inheritsSet = null
		$1.scope = text/x-csharp
		$0.CSharpFormattingPolicy = $2
		$2.inheritsSet = Mono
		$2.inheritsScope = text/x-csharp
		$2.scope = text/x-csharp
		$0.TextStylePolicy = $3
		$3.FileWidth = 120
		$3.TabWidth = 4
		$3.IndentWidth = 4
		$3.EolMarker = Unix
		$3.inheritsSet = Mono
		$3.inheritsScope = text/plain
		$3.scope = text/plain
	EndGlobalSection

EndGlobal
